
Microsoft Visual Studio Solution File, Format Version 12.00
# Visual Studio Version 16
VisualStudioVersion = 16.0.30804.86
MinimumVisualStudioVersion = 10.0.40219.1
Project("{FAE04EC0-301F-11D3-BF4B-00C04F79EFBC}") = "Zadanie1", "Zadanie1\Zadanie1.csproj", "{502E88C3-610C-4A57-ABB3-697E480953D7}"
EndProject
Project("{FAE04EC0-301F-11D3-BF4B-00C04F79EFBC}") = "IloczynMacierzy", "IloczynMacierzy\IloczynMacierzy.csproj", "{C9948712-D4E2-4049-8008-816B122AAC10}"
EndProject
Project("{FAE04EC0-301F-11D3-BF4B-00C04F79EFBC}") = "Sortowanie", "Sortowanie\Sortowanie.csproj", "{AA8DBA7A-4A29-4A92-AB0C-FF5B4C31121E}"
EndProject
Global
	GlobalSection(SolutionConfigurationPlatforms) = preSolution
		Debug|Any CPU = Debug|Any CPU
		Release|Any CPU = Release|Any CPU
	EndGlobalSection
	GlobalSection(ProjectConfigurationPlatforms) = postSolution
		{502E88C3-610C-4A57-ABB3-697E480953D7}.Debug|Any CPU.ActiveCfg = Debug|Any CPU
		{502E88C3-610C-4A57-ABB3-697E480953D7}.Debug|Any CPU.Build.0 = Debug|Any CPU
		{502E88C3-610C-4A57-ABB3-697E480953D7}.Release|Any CPU.ActiveCfg = Release|Any CPU
		{502E88C3-610C-4A57-ABB3-697E480953D7}.Release|Any CPU.Build.0 = Release|Any CPU
		{C9948712-D4E2-4049-8008-816B122AAC10}.Debug|Any CPU.ActiveCfg = Debug|Any CPU
		{C9948712-D4E2-4049-8008-816B122AAC10}.Debug|Any CPU.Build.0 = Debug|Any CPU
		{C9948712-D4E2-4049-8008-816B122AAC10}.Release|Any CPU.ActiveCfg = Release|Any CPU
		{C9948712-D4E2-4049-8008-816B122AAC10}.Release|Any CPU.Build.0 = Release|Any CPU
		{AA8DBA7A-4A29-4A92-AB0C-FF5B4C31121E}.Debug|Any CPU.ActiveCfg = Debug|Any CPU
		{AA8DBA7A-4A29-4A92-AB0C-FF5B4C31121E}.Debug|Any CPU.Build.0 = Debug|Any CPU
		{AA8DBA7A-4A29-4A92-AB0C-FF5B4C31121E}.Release|Any CPU.ActiveCfg = Release|Any CPU
		{AA8DBA7A-4A29-4A92-AB0C-FF5B4C31121E}.Release|Any CPU.Build.0 = Release|Any CPU
	EndGlobalSection
	GlobalSection(SolutionProperties) = preSolution
		HideSolutionNode = FALSE
	EndGlobalSection
	GlobalSection(ExtensibilityGlobals) = postSolution
		SolutionGuid = {06033087-8692-4E56-A761-38C46E43F0C2}
	EndGlobalSection
EndGlobal
